// !$*UTF8*$!
{
	archiveVersion = 1;
	classes = {
	};
	objectVersion = 77;
	objects = {

/* Begin PBXContainerItemProxy section */
		19833FC32DD8E9FA00CD44D8 /* PBXContainerItemProxy */ = {
			isa = PBXContainerItemProxy;
			containerPortal = 19833FAA2DD8E9F900CD44D8 /* Project object */;
			proxyType = 1;
			remoteGlobalIDString = 19833FB12DD8E9F900CD44D8;
			remoteInfo = PlusOne;
		};
		19833FCD2DD8E9FA00CD44D8 /* PBXContainerItemProxy */ = {
			isa = PBXContainerItemProxy;
			containerPortal = 19833FAA2DD8E9F900CD44D8 /* Project object */;
			proxyType = 1;
			remoteGlobalIDString = 19833FB12DD8E9F900CD44D8;
			remoteInfo = PlusOne;
		};
/* End PBXContainerItemProxy section */

/* Begin PBXFileReference section */
		19833FB22DD8E9F900CD44D8 /* PlusOne.app */ = {isa = PBXFileReference; explicitFileType = wrapper.application; includeInIndex = 0; path = PlusOne.app; sourceTree = BUILT_PRODUCTS_DIR; };
		19833FC22DD8E9FA00CD44D8 /* PlusOneTests.xctest */ = {isa = PBXFileReference; explicitFileType = wrapper.cfbundle; includeInIndex = 0; path = PlusOneTests.xctest; sourceTree = BUILT_PRODUCTS_DIR; };
		19833FCC2DD8E9FA00CD44D8 /* PlusOneUITests.xctest */ = {isa = PBXFileReference; explicitFileType = wrapper.cfbundle; includeInIndex = 0; path = PlusOneUITests.xctest; sourceTree = BUILT_PRODUCTS_DIR; };
/* End PBXFileReference section */

/* Begin PBXFileSystemSynchronizedRootGroup section */
		19833FB42DD8E9F900CD44D8 /* PlusOne */ = {
			isa = PBXFileSystemSynchronizedRootGroup;
			path = PlusOne;
			sourceTree = "<group>";
		};
		19833FC52DD8E9FA00CD44D8 /* PlusOneTests */ = {
			isa = PBXFileSystemSynchronizedRootGroup;
			path = PlusOneTests;
			sourceTree = "<group>";
		};
		19833FCF2DD8E9FA00CD44D8 /* PlusOneUITests */ = {
			isa = PBXFileSystemSynchronizedRootGroup;
			path = PlusOneUITests;
			sourceTree = "<group>";
		};
/* End PBXFileSystemSynchronizedRootGroup section */

/* Begin PBXFrameworksBuildPhase section */
		19833FAF2DD8E9F900CD44D8 /* Frameworks */ = {
			isa = PBXFrameworksBuildPhase;
			buildActionMask = 2147483647;
			files = (
			);
			runOnlyForDeploymentPostprocessing = 0;
		};
		19833FBF2DD8E9FA00CD44D8 /* Frameworks */ = {
			isa = PBXFrameworksBuildPhase;
			buildActionMask = 2147483647;
			files = (
			);
			runOnlyForDeploymentPostprocessing = 0;
		};
		19833FC92DD8E9FA00CD44D8 /* Frameworks */ = {
			isa = PBXFrameworksBuildPhase;
			buildActionMask = 2147483647;
			files = (
			);
			runOnlyForDeploymentPostprocessing = 0;
		};
/* End PBXFrameworksBuildPhase section */

/* Begin PBXGroup section */
		19833FA92DD8E9F900CD44D8 = {
			isa = PBXGroup;
			children = (
				19833FB42DD8E9F900CD44D8 /* PlusOne */,
				19833FC52DD8E9FA00CD44D8 /* PlusOneTests */,
				19833FCF2DD8E9FA00CD44D8 /* PlusOneUITests */,
				19833FB32DD8E9F900CD44D8 /* Products */,
			);
			sourceTree = "<group>";
		};
		19833FB32DD8E9F900CD44D8 /* Products */ = {
			isa = PBXGroup;
			children = (
				19833FB22DD8E9F900CD44D8 /* PlusOne.app */,
				19833FC22DD8E9FA00CD44D8 /* PlusOneTests.xctest */,
				19833FCC2DD8E9FA00CD44D8 /* PlusOneUITests.xctest */,
			);
			name = Products;
			sourceTree = "<group>";
		};
/* End PBXGroup section */

/* Begin PBXNativeTarget section */
		19833FB12DD8E9F900CD44D8 /* PlusOne */ = {
			isa = PBXNativeTarget;
			buildConfigurationList = 19833FD62DD8E9FA00CD44D8 /* Build configuration list for PBXNativeTarget "PlusOne" */;
			buildPhases = (
				19833FAE2DD8E9F900CD44D8 /* Sources */,
				19833FAF2DD8E9F900CD44D8 /* Frameworks */,
				19833FB02DD8E9F900CD44D8 /* Resources */,
			);
			buildRules = (
			);
			dependencies = (
			);
			fileSystemSynchronizedGroups = (
				19833FB42DD8E9F900CD44D8 /* PlusOne */,
			);
			name = PlusOne;
			packageProductDependencies = (
			);
			productName = PlusOne;
			productReference = 19833FB22DD8E9F900CD44D8 /* PlusOne.app */;
			productType = "com.apple.product-type.application";
		};
		19833FC12DD8E9FA00CD44D8 /* PlusOneTests */ = {
			isa = PBXNativeTarget;
			buildConfigurationList = 19833FD92DD8E9FA00CD44D8 /* Build configuration list for PBXNativeTarget "PlusOneTests" */;
			buildPhases = (
				19833FBE2DD8E9FA00CD44D8 /* Sources */,
				19833FBF2DD8E9FA00CD44D8 /* Frameworks */,
				19833FC02DD8E9FA00CD44D8 /* Resources */,
			);
			buildRules = (
			);
			dependencies = (
				19833FC42DD8E9FA00CD44D8 /* PBXTargetDependency */,
			);
			fileSystemSynchronizedGroups = (
				19833FC52DD8E9FA00CD44D8 /* PlusOneTests */,
			);
			name = PlusOneTests;
			packageProductDependencies = (
			);
			productName = PlusOneTests;
			productReference = 19833FC22DD8E9FA00CD44D8 /* PlusOneTests.xctest */;
			productType = "com.apple.product-type.bundle.unit-test";
		};
		19833FCB2DD8E9FA00CD44D8 /* PlusOneUITests */ = {
			isa = PBXNativeTarget;
			buildConfigurationList = 19833FDC2DD8E9FA00CD44D8 /* Build configuration list for PBXNativeTarget "PlusOneUITests" */;
			buildPhases = (
				19833FC82DD8E9FA00CD44D8 /* Sources */,
				19833FC92DD8E9FA00CD44D8 /* Frameworks */,
				19833FCA2DD8E9FA00CD44D8 /* Resources */,
			);
			buildRules = (
			);
			dependencies = (
				19833FCE2DD8E9FA00CD44D8 /* PBXTargetDependency */,
			);
			fileSystemSynchronizedGroups = (
				19833FCF2DD8E9FA00CD44D8 /* PlusOneUITests */,
			);
			name = PlusOneUITests;
			packageProductDependencies = (
			);
			productName = PlusOneUITests;
			productReference = 19833FCC2DD8E9FA00CD44D8 /* PlusOneUITests.xctest */;
			productType = "com.apple.product-type.bundle.ui-testing";
		};
/* End PBXNativeTarget section */

/* Begin PBXProject section */
		19833FAA2DD8E9F900CD44D8 /* Project object */ = {
			isa = PBXProject;
			attributes = {
				BuildIndependentTargetsInParallel = 1;
				LastSwiftUpdateCheck = 1620;
				LastUpgradeCheck = 1620;
				TargetAttributes = {
					19833FB12DD8E9F900CD44D8 = {
						CreatedOnToolsVersion = 16.2;
					};
					19833FC12DD8E9FA00CD44D8 = {
						CreatedOnToolsVersion = 16.2;
						TestTargetID = 19833FB12DD8E9F900CD44D8;
					};
					19833FCB2DD8E9FA00CD44D8 = {
						CreatedOnToolsVersion = 16.2;
						TestTargetID = 19833FB12DD8E9F900CD44D8;
					};
				};
			};
			buildConfigurationList = 19833FAD2DD8E9F900CD44D8 /* Build configuration list for PBXProject "PlusOne" */;
			developmentRegion = en;
			hasScannedForEncodings = 0;
			knownRegions = (
				en,
				Base,
			);
			mainGroup = 19833FA92DD8E9F900CD44D8;
			minimizedProjectReferenceProxies = 1;
			preferredProjectObjectVersion = 77;
			productRefGroup = 19833FB32DD8E9F900CD44D8 /* Products */;
			projectDirPath = "";
			projectRoot = "";
			targets = (
				19833FB12DD8E9F900CD44D8 /* PlusOne */,
				19833FC12DD8E9FA00CD44D8 /* PlusOneTests */,
				19833FCB2DD8E9FA00CD44D8 /* PlusOneUITests */,
			);
		};
/* End PBXProject section */

/* Begin PBXResourcesBuildPhase section */
		19833FB02DD8E9F900CD44D8 /* Resources */ = {
			isa = PBXResourcesBuildPhase;
			buildActionMask = 2147483647;
			files = (
			);
			runOnlyForDeploymentPostprocessing = 0;
		};
		19833FC02DD8E9FA00CD44D8 /* Resources */ = {
			isa = PBXResourcesBuildPhase;
			buildActionMask = 2147483647;
			files = (
			);
			runOnlyForDeploymentPostprocessing = 0;
		};
		19833FCA2DD8E9FA00CD44D8 /* Resources */ = {
			isa = PBXResourcesBuildPhase;
			buildActionMask = 2147483647;
			files = (
			);
			runOnlyForDeploymentPostprocessing = 0;
		};
/* End PBXResourcesBuildPhase section */

/* Begin PBXSourcesBuildPhase section */
		19833FAE2DD8E9F900CD44D8 /* Sources */ = {
			isa = PBXSourcesBuildPhase;
			buildActionMask = 2147483647;
			files = (
			);
			runOnlyForDeploymentPostprocessing = 0;
		};
		19833FBE2DD8E9FA00CD44D8 /* Sources */ = {
			isa = PBXSourcesBuildPhase;
			buildActionMask = 2147483647;
			files = (
			);
			runOnlyForDeploymentPostprocessing = 0;
		};
		19833FC82DD8E9FA00CD44D8 /* Sources */ = {
			isa = PBXSourcesBuildPhase;
			buildActionMask = 2147483647;
			files = (
			);
			runOnlyForDeploymentPostprocessing = 0;
		};
/* End PBXSourcesBuildPhase section */

/* Begin PBXTargetDependency section */
		19833FC42DD8E9FA00CD44D8 /* PBXTargetDependency */ = {
			isa = PBXTargetDependency;
			target = 19833FB12DD8E9F900CD44D8 /* PlusOne */;
			targetProxy = 19833FC32DD8E9FA00CD44D8 /* PBXContainerItemProxy */;
		};
		19833FCE2DD8E9FA00CD44D8 /* PBXTargetDependency */ = {
			isa = PBXTargetDependency;
			target = 19833FB12DD8E9F900CD44D8 /* PlusOne */;
			targetProxy = 19833FCD2DD8E9FA00CD44D8 /* PBXContainerItemProxy */;
		};
/* End PBXTargetDependency section */

/* Begin XCBuildConfiguration section */
		19833FD42DD8E9FA00CD44D8 /* Debug */ = {
			isa = XCBuildConfiguration;
			buildSettings = {
				ALWAYS_SEARCH_USER_PATHS = NO;
				ASSETCATALOG_COMPILER_GENERATE_SWIFT_ASSET_SYMBOL_EXTENSIONS = YES;
				CLANG_ANALYZER_NONNULL = YES;
				CLANG_ANALYZER_NUMBER_OBJECT_CONVERSION = YES_AGGRESSIVE;
				CLANG_CXX_LANGUAGE_STANDARD = "gnu++20";
				CLANG_ENABLE_MODULES = YES;
				CLANG_ENABLE_OBJC_ARC = YES;
				CLANG_ENABLE_OBJC_WEAK = YES;
				CLANG_WARN_BLOCK_CAPTURE_AUTORELEASING = YES;
				CLANG_WARN_BOOL_CONVERSION = YES;
				CLANG_WARN_COMMA = YES;
				CLANG_WARN_CONSTANT_CONVERSION = YES;
				CLANG_WARN_DEPRECATED_OBJC_IMPLEMENTATIONS = YES;
				CLANG_WARN_DIRECT_OBJC_ISA_USAGE = YES_ERROR;
				CLANG_WARN_DOCUMENTATION_COMMENTS = YES;
				CLANG_WARN_EMPTY_BODY = YES;
				CLANG_WARN_ENUM_CONVERSION = YES;
				CLANG_WARN_INFINITE_RECURSION = YES;
				CLANG_WARN_INT_CONVERSION = YES;
				CLANG_WARN_NON_LITERAL_NULL_CONVERSION = YES;
				CLANG_WARN_OBJC_IMPLICIT_RETAIN_SELF = YES;
				CLANG_WARN_OBJC_LITERAL_CONVERSION = YES;
				CLANG_WARN_OBJC_ROOT_CLASS = YES_ERROR;
				CLANG_WARN_QUOTED_INCLUDE_IN_FRAMEWORK_HEADER = YES;
				CLANG_WARN_RANGE_LOOP_ANALYSIS = YES;
				CLANG_WARN_STRICT_PROTOTYPES = YES;
				CLANG_WARN_SUSPICIOUS_MOVE = YES;
				CLANG_WARN_UNGUARDED_AVAILABILITY = YES_AGGRESSIVE;
				CLANG_WARN_UNREACHABLE_CODE = YES;
				CLANG_WARN__DUPLICATE_METHOD_MATCH = YES;
				COPY_PHASE_STRIP = NO;
				DEBUG_INFORMATION_FORMAT = dwarf;
				ENABLE_STRICT_OBJC_MSGSEND = YES;
				ENABLE_TESTABILITY = YES;
				ENABLE_USER_SCRIPT_SANDBOXING = YES;
				GCC_C_LANGUAGE_STANDARD = gnu17;
				GCC_DYNAMIC_NO_PIC = NO;
				GCC_NO_COMMON_BLOCKS = YES;
				GCC_OPTIMIZATION_LEVEL = 0;
				GCC_PREPROCESSOR_DEFINITIONS = (
					"DEBUG=1",
					"$(inherited)",
				);
				GCC_WARN_64_TO_32_BIT_CONVERSION = YES;
				GCC_WARN_ABOUT_RETURN_TYPE = YES_ERROR;
				GCC_WARN_UNDECLARED_SELECTOR = YES;
				GCC_WARN_UNINITIALIZED_AUTOS = YES_AGGRESSIVE;
				GCC_WARN_UNUSED_FUNCTION = YES;
				GCC_WARN_UNUSED_VARIABLE = YES;
				IPHONEOS_DEPLOYMENT_TARGET = 18.2;
				LOCALIZATION_PREFERS_STRING_CATALOGS = YES;
				MTL_ENABLE_DEBUG_INFO = INCLUDE_SOURCE;
				MTL_FAST_MATH = YES;
				ONLY_ACTIVE_ARCH = YES;
				SDKROOT = iphoneos;
				SWIFT_ACTIVE_COMPILATION_CONDITIONS = "DEBUG $(inherited)";
				SWIFT_OPTIMIZATION_LEVEL = "-Onone";
			};
			name = Debug;
		};
		19833FD52DD8E9FA00CD44D8 /* Release */ = {
			isa = XCBuildConfiguration;
			buildSettings = {
				ALWAYS_SEARCH_USER_PATHS = NO;
				ASSETCATALOG_COMPILER_GENERATE_SWIFT_ASSET_SYMBOL_EXTENSIONS = YES;
				CLANG_ANALYZER_NONNULL = YES;
				CLANG_ANALYZER_NUMBER_OBJECT_CONVERSION = YES_AGGRESSIVE;
				CLANG_CXX_LANGUAGE_STANDARD = "gnu++20";
				CLANG_ENABLE_MODULES = YES;
				CLANG_ENABLE_OBJC_ARC = YES;
				CLANG_ENABLE_OBJC_WEAK = YES;
				CLANG_WARN_BLOCK_CAPTURE_AUTORELEASING = YES;
				CLANG_WARN_BOOL_CONVERSION = YES;
				CLANG_WARN_COMMA = YES;
				CLANG_WARN_CONSTANT_CONVERSION = YES;
				CLANG_WARN_DEPRECATED_OBJC_IMPLEMENTATIONS = YES;
				CLANG_WARN_DIRECT_OBJC_ISA_USAGE = YES_ERROR;
				CLANG_WARN_DOCUMENTATION_COMMENTS = YES;
				CLANG_WARN_EMPTY_BODY = YES;
				CLANG_WARN_ENUM_CONVERSION = YES;
				CLANG_WARN_INFINITE_RECURSION = YES;
				CLANG_WARN_INT_CONVERSION = YES;
				CLANG_WARN_NON_LITERAL_NULL_CONVERSION = YES;
				CLANG_WARN_OBJC_IMPLICIT_RETAIN_SELF = YES;
				CLANG_WARN_OBJC_LITERAL_CONVERSION = YES;
				CLANG_WARN_OBJC_ROOT_CLASS = YES_ERROR;
				CLANG_WARN_QUOTED_INCLUDE_IN_FRAMEWORK_HEADER = YES;
				CLANG_WARN_RANGE_LOOP_ANALYSIS = YES;
				CLANG_WARN_STRICT_PROTOTYPES = YES;
				CLANG_WARN_SUSPICIOUS_MOVE = YES;
				CLANG_WARN_UNGUARDED_AVAILABILITY = YES_AGGRESSIVE;
				CLANG_WARN_UNREACHABLE_CODE = YES;
				CLANG_WARN__DUPLICATE_METHOD_MATCH = YES;
				COPY_PHASE_STRIP = NO;
				DEBUG_INFORMATION_FORMAT = "dwarf-with-dsym";
				ENABLE_NS_ASSERTIONS = NO;
				ENABLE_STRICT_OBJC_MSGSEND = YES;
				ENABLE_USER_SCRIPT_SANDBOXING = YES;
				GCC_C_LANGUAGE_STANDARD = gnu17;
				GCC_NO_COMMON_BLOCKS = YES;
				GCC_WARN_64_TO_32_BIT_CONVERSION = YES;
				GCC_WARN_ABOUT_RETURN_TYPE = YES_ERROR;
				GCC_WARN_UNDECLARED_SELECTOR = YES;
				GCC_WARN_UNINITIALIZED_AUTOS = YES_AGGRESSIVE;
				GCC_WARN_UNUSED_FUNCTION = YES;
				GCC_WARN_UNUSED_VARIABLE = YES;
				IPHONEOS_DEPLOYMENT_TARGET = 18.2;
				LOCALIZATION_PREFERS_STRING_CATALOGS = YES;
				MTL_ENABLE_DEBUG_INFO = NO;
				MTL_FAST_MATH = YES;
				SDKROOT = iphoneos;
				SWIFT_COMPILATION_MODE = wholemodule;
				VALIDATE_PRODUCT = YES;
			};
			name = Release;
		};
		19833FD72DD8E9FA00CD44D8 /* Debug */ = {
			isa = XCBuildConfiguration;
			buildSettings = {
				ASSETCATALOG_COMPILER_APPICON_NAME = AppIcon;
				ASSETCATALOG_COMPILER_GLOBAL_ACCENT_COLOR_NAME = AccentColor;
				CODE_SIGN_STYLE = Automatic;
				CURRENT_PROJECT_VERSION = 1;
				DEVELOPMENT_ASSET_PATHS = "\"PlusOne/Preview Content\"";
				DEVELOPMENT_TEAM = 58P2QFMR7W;
				ENABLE_PREVIEWS = YES;
				GENERATE_INFOPLIST_FILE = YES;
				INFOPLIST_KEY_UIApplicationSceneManifest_Generation = YES;
				INFOPLIST_KEY_UIApplicationSupportsIndirectInputEvents = YES;
				INFOPLIST_KEY_UILaunchScreen_Generation = YES;
				INFOPLIST_KEY_UISupportedInterfaceOrientations_iPad = "UIInterfaceOrientationPortrait UIInterfaceOrientationPortraitUpsideDown UIInterfaceOrientationLandscapeLeft UIInterfaceOrientationLandscapeRight";
				INFOPLIST_KEY_UISupportedInterfaceOrientations_iPhone = "UIInterfaceOrientationPortrait UIInterfaceOrientationLandscapeLeft UIInterfaceOrientationLandscapeRight";
				IPHONEOS_DEPLOYMENT_TARGET = 17.0;
				LD_RUNPATH_SEARCH_PATHS = (
					"$(inherited)",
					"@executable_path/Frameworks",
				);
				MARKETING_VERSION = 1.0;
				PRODUCT_BUNDLE_IDENTIFIER = Neo.PlusOne;
				PRODUCT_NAME = "$(TARGET_NAME)";
				SWIFT_EMIT_LOC_STRINGS = YES;
				SWIFT_VERSION = 5.0;
				TARGETED_DEVICE_FAMILY = "1,2";
			};
			name = Debug;
		};
		19833FD82DD8E9FA00CD44D8 /* Release */ = {
			isa = XCBuildConfiguration;
			buildSettings = {
				ASSETCATALOG_COMPILER_APPICON_NAME = AppIcon;
				ASSETCATALOG_COMPILER_GLOBAL_ACCENT_COLOR_NAME = AccentColor;
				CODE_SIGN_STYLE = Automatic;
				CURRENT_PROJECT_VERSION = 1;
				DEVELOPMENT_ASSET_PATHS = "\"PlusOne/Preview Content\"";
				DEVELOPMENT_TEAM = 58P2QFMR7W;
				ENABLE_PREVIEWS = YES;
				GENERATE_INFOPLIST_FILE = YES;
				INFOPLIST_KEY_UIApplicationSceneManifest_Generation = YES;
				INFOPLIST_KEY_UIApplicationSupportsIndirectInputEvents = YES;
				INFOPLIST_KEY_UILaunchScreen_Generation = YES;
				INFOPLIST_KEY_UISupportedInterfaceOrientations_iPad = "UIInterfaceOrientationPortrait UIInterfaceOrientationPortraitUpsideDown UIInterfaceOrientationLandscapeLeft UIInterfaceOrientationLandscapeRight";
				INFOPLIST_KEY_UISupportedInterfaceOrientations_iPhone = "UIInterfaceOrientationPortrait UIInterfaceOrientationLandscapeLeft UIInterfaceOrientationLandscapeRight";
				IPHONEOS_DEPLOYMENT_TARGET = 17.0;
				LD_RUNPATH_SEARCH_PATHS = (
					"$(inherited)",
					"@executable_path/Frameworks",
				);
				MARKETING_VERSION = 1.0;
				PRODUCT_BUNDLE_IDENTIFIER = Neo.PlusOne;
				PRODUCT_NAME = "$(TARGET_NAME)";
				SWIFT_EMIT_LOC_STRINGS = YES;
				SWIFT_VERSION = 5.0;
				TARGETED_DEVICE_FAMILY = "1,2";
			};
			name = Release;
		};
		19833FDA2DD8E9FA00CD44D8 /* Debug */ = {
			isa = XCBuildConfiguration;
			buildSettings = {
				BUNDLE_LOADER = "$(TEST_HOST)";
				CODE_SIGN_STYLE = Automatic;
				CURRENT_PROJECT_VERSION = 1;
				GENERATE_INFOPLIST_FILE = YES;
				IPHONEOS_DEPLOYMENT_TARGET = 18.2;
				MARKETING_VERSION = 1.0;
				PRODUCT_BUNDLE_IDENTIFIER = Neo.PlusOneTests;
				PRODUCT_NAME = "$(TARGET_NAME)";
				SWIFT_EMIT_LOC_STRINGS = NO;
				SWIFT_VERSION = 5.0;
				TARGETED_DEVICE_FAMILY = "1,2";
				TEST_HOST = "$(BUILT_PRODUCTS_DIR)/PlusOne.app/$(BUNDLE_EXECUTABLE_FOLDER_PATH)/PlusOne";
			};
			name = Debug;
		};
		19833FDB2DD8E9FA00CD44D8 /* Release */ = {
			isa = XCBuildConfiguration;
			buildSettings = {
				BUNDLE_LOADER = "$(TEST_HOST)";
				CODE_SIGN_STYLE = Automatic;
				CURRENT_PROJECT_VERSION = 1;
				GENERATE_INFOPLIST_FILE = YES;
				IPHONEOS_DEPLOYMENT_TARGET = 18.2;
				MARKETING_VERSION = 1.0;
				PRODUCT_BUNDLE_IDENTIFIER = Neo.PlusOneTests;
				PRODUCT_NAME = "$(TARGET_NAME)";
				SWIFT_EMIT_LOC_STRINGS = NO;
				SWIFT_VERSION = 5.0;
				TARGETED_DEVICE_FAMILY = "1,2";
				TEST_HOST = "$(BUILT_PRODUCTS_DIR)/PlusOne.app/$(BUNDLE_EXECUTABLE_FOLDER_PATH)/PlusOne";
			};
			name = Release;
		};
		19833FDD2DD8E9FA00CD44D8 /* Debug */ = {
			isa = XCBuildConfiguration;
			buildSettings = {
				CODE_SIGN_STYLE = Automatic;
				CURRENT_PROJECT_VERSION = 1;
				GENERATE_INFOPLIST_FILE = YES;
				MARKETING_VERSION = 1.0;
				PRODUCT_BUNDLE_IDENTIFIER = Neo.PlusOneUITests;
				PRODUCT_NAME = "$(TARGET_NAME)";
				SWIFT_EMIT_LOC_STRINGS = NO;
				SWIFT_VERSION = 5.0;
				TARGETED_DEVICE_FAMILY = "1,2";
				TEST_TARGET_NAME = PlusOne;
			};
			name = Debug;
		};
		19833FDE2DD8E9FA00CD44D8 /* Release */ = {
			isa = XCBuildConfiguration;
			buildSettings = {
				CODE_SIGN_STYLE = Automatic;
				CURRENT_PROJECT_VERSION = 1;
				GENERATE_INFOPLIST_FILE = YES;
				MARKETING_VERSION = 1.0;
				PRODUCT_BUNDLE_IDENTIFIER = Neo.PlusOneUITests;
				PRODUCT_NAME = "$(TARGET_NAME)";
				SWIFT_EMIT_LOC_STRINGS = NO;
				SWIFT_VERSION = 5.0;
				TARGETED_DEVICE_FAMILY = "1,2";
				TEST_TARGET_NAME = PlusOne;
			};
			name = Release;
		};
/* End XCBuildConfiguration section */

/* Begin XCConfigurationList section */
		19833FAD2DD8E9F900CD44D8 /* Build configuration list for PBXProject "PlusOne" */ = {
			isa = XCConfigurationList;
			buildConfigurations = (
				19833FD42DD8E9FA00CD44D8 /* Debug */,
				19833FD52DD8E9FA00CD44D8 /* Release */,
			);
			defaultConfigurationIsVisible = 0;
			defaultConfigurationName = Release;
		};
		19833FD62DD8E9FA00CD44D8 /* Build configuration list for PBXNativeTarget "PlusOne" */ = {
			isa = XCConfigurationList;
			buildConfigurations = (
				19833FD72DD8E9FA00CD44D8 /* Debug */,
				19833FD82DD8E9FA00CD44D8 /* Release */,
			);
			defaultConfigurationIsVisible = 0;
			defaultConfigurationName = Release;
		};
		19833FD92DD8E9FA00CD44D8 /* Build configuration list for PBXNativeTarget "PlusOneTests" */ = {
			isa = XCConfigurationList;
			buildConfigurations = (
				19833FDA2DD8E9FA00CD44D8 /* Debug */,
				19833FDB2DD8E9FA00CD44D8 /* Release */,
			);
			defaultConfigurationIsVisible = 0;
			defaultConfigurationName = Release;
		};
		19833FDC2DD8E9FA00CD44D8 /* Build configuration list for PBXNativeTarget "PlusOneUITests" */ = {
			isa = XCConfigurationList;
			buildConfigurations = (
				19833FDD2DD8E9FA00CD44D8 /* Debug */,
				19833FDE2DD8E9FA00CD44D8 /* Release */,
			);
			defaultConfigurationIsVisible = 0;
			defaultConfigurationName = Release;
		};
/* End XCConfigurationList section */
	};
	rootObject = 19833FAA2DD8E9F900CD44D8 /* Project object */;
}
